
Microsoft Visual Studio Solution File, Format Version 12.00
# Visual Studio Version 17
VisualStudioVersion = 17.8.34316.72
MinimumVisualStudioVersion = 10.0.40219.1
Project("{FAE04EC0-301F-11D3-BF4B-00C04F79EFBC}") = "POS_Data_API", "POS_Data_API.csproj", "{5FA6C280-033F-4B1F-8B41-113027BAF346}"
EndProject
Global
	GlobalSection(SolutionConfigurationPlatforms) = preSolution
		Debug|Any CPU = Debug|Any CPU
		Release|Any CPU = Release|Any CPU
	EndGlobalSection
	GlobalSection(ProjectConfigurationPlatforms) = postSolution
		{5FA6C280-033F-4B1F-8B41-113027BAF346}.Debug|Any CPU.ActiveCfg = Debug|Any CPU
		{5FA6C280-033F-4B1F-8B41-113027BAF346}.Debug|Any CPU.Build.0 = Debug|Any CPU
		{5FA6C280-033F-4B1F-8B41-113027BAF346}.Release|Any CPU.ActiveCfg = Release|Any CPU
		{5FA6C280-033F-4B1F-8B41-113027BAF346}.Release|Any CPU.Build.0 = Release|Any CPU
	EndGlobalSection
	GlobalSection(SolutionProperties) = preSolution
		HideSolutionNode = FALSE
	EndGlobalSection
	GlobalSection(ExtensibilityGlobals) = postSolution
		SolutionGuid = {CC94662D-0E0A-42A2-AEEF-4287F76CE785}
	EndGlobalSection
EndGlobal
